
Microsoft Visual Studio Solution File, Format Version 12.00
# Visual Studio 14
VisualStudioVersion = 14.0.25420.1
MinimumVisualStudioVersion = 10.0.40219.1
Project("{FAE04EC0-301F-11D3-BF4B-00C04F79EFBC}") = "ShopOnline.Model", "ShopOnline.Model\ShopOnline.Model.csproj", "{A236710D-5885-4AD2-AD24-F8660FC1DDFF}"
EndProject
Project("{FAE04EC0-301F-11D3-BF4B-00C04F79EFBC}") = "ShopOnline.Data", "ShopOnline.Data\ShopOnline.Data.csproj", "{80651754-7535-49AA-BB3A-F5A193DE666E}"
EndProject
Project("{FAE04EC0-301F-11D3-BF4B-00C04F79EFBC}") = "ShopOnline.Service", "ShopOnline.Service\ShopOnline.Service.csproj", "{A91D3469-FC49-4154-BB0B-C4D43D5BD492}"
EndProject
Project("{FAE04EC0-301F-11D3-BF4B-00C04F79EFBC}") = "ShopOnline.Web", "ShopOnline.Web\ShopOnline.Web.csproj", "{CDBFD352-D5BA-409F-B950-9ABD58002D8F}"
EndProject
Project("{FAE04EC0-301F-11D3-BF4B-00C04F79EFBC}") = "ShopOnline.Common", "ShopOnline.Common\ShopOnline.Common.csproj", "{FA3B61BC-69EC-4ABB-91C8-F64EC249FC1F}"
EndProject
Project("{FAE04EC0-301F-11D3-BF4B-00C04F79EFBC}") = "ShopOnline.ViewModel", "ShopOnline.ViewModel\ShopOnline.ViewModel.csproj", "{F451E170-B23F-423A-9F05-850A55786E3D}"
EndProject
Global
	GlobalSection(SolutionConfigurationPlatforms) = preSolution
		Debug|Any CPU = Debug|Any CPU
		Release|Any CPU = Release|Any CPU
	EndGlobalSection
	GlobalSection(ProjectConfigurationPlatforms) = postSolution
		{A236710D-5885-4AD2-AD24-F8660FC1DDFF}.Debug|Any CPU.ActiveCfg = Debug|Any CPU
		{A236710D-5885-4AD2-AD24-F8660FC1DDFF}.Debug|Any CPU.Build.0 = Debug|Any CPU
		{A236710D-5885-4AD2-AD24-F8660FC1DDFF}.Release|Any CPU.ActiveCfg = Release|Any CPU
		{A236710D-5885-4AD2-AD24-F8660FC1DDFF}.Release|Any CPU.Build.0 = Release|Any CPU
		{80651754-7535-49AA-BB3A-F5A193DE666E}.Debug|Any CPU.ActiveCfg = Debug|Any CPU
		{80651754-7535-49AA-BB3A-F5A193DE666E}.Debug|Any CPU.Build.0 = Debug|Any CPU
		{80651754-7535-49AA-BB3A-F5A193DE666E}.Release|Any CPU.ActiveCfg = Release|Any CPU
		{80651754-7535-49AA-BB3A-F5A193DE666E}.Release|Any CPU.Build.0 = Release|Any CPU
		{A91D3469-FC49-4154-BB0B-C4D43D5BD492}.Debug|Any CPU.ActiveCfg = Debug|Any CPU
		{A91D3469-FC49-4154-BB0B-C4D43D5BD492}.Debug|Any CPU.Build.0 = Debug|Any CPU
		{A91D3469-FC49-4154-BB0B-C4D43D5BD492}.Release|Any CPU.ActiveCfg = Release|Any CPU
		{A91D3469-FC49-4154-BB0B-C4D43D5BD492}.Release|Any CPU.Build.0 = Release|Any CPU
		{CDBFD352-D5BA-409F-B950-9ABD58002D8F}.Debug|Any CPU.ActiveCfg = Debug|Any CPU
		{CDBFD352-D5BA-409F-B950-9ABD58002D8F}.Debug|Any CPU.Build.0 = Debug|Any CPU
		{CDBFD352-D5BA-409F-B950-9ABD58002D8F}.Release|Any CPU.ActiveCfg = Release|Any CPU
		{CDBFD352-D5BA-409F-B950-9ABD58002D8F}.Release|Any CPU.Build.0 = Release|Any CPU
		{FA3B61BC-69EC-4ABB-91C8-F64EC249FC1F}.Debug|Any CPU.ActiveCfg = Debug|Any CPU
		{FA3B61BC-69EC-4ABB-91C8-F64EC249FC1F}.Debug|Any CPU.Build.0 = Debug|Any CPU
		{FA3B61BC-69EC-4ABB-91C8-F64EC249FC1F}.Release|Any CPU.ActiveCfg = Release|Any CPU
		{FA3B61BC-69EC-4ABB-91C8-F64EC249FC1F}.Release|Any CPU.Build.0 = Release|Any CPU
		{F451E170-B23F-423A-9F05-850A55786E3D}.Debug|Any CPU.ActiveCfg = Debug|Any CPU
		{F451E170-B23F-423A-9F05-850A55786E3D}.Debug|Any CPU.Build.0 = Debug|Any CPU
		{F451E170-B23F-423A-9F05-850A55786E3D}.Release|Any CPU.ActiveCfg = Release|Any CPU
		{F451E170-B23F-423A-9F05-850A55786E3D}.Release|Any CPU.Build.0 = Release|Any CPU
	EndGlobalSection
	GlobalSection(SolutionProperties) = preSolution
		HideSolutionNode = FALSE
	EndGlobalSection
EndGlobal
